
Microsoft Visual Studio Solution File, Format Version 12.00
# Visual Studio Version 17
VisualStudioVersion = 17.9.34714.143
MinimumVisualStudioVersion = 10.0.40219.1
Project("{FAE04EC0-301F-11D3-BF4B-00C04F79EFBC}") = "LeetCodeDemo", "LeetCodeDemo\LeetCodeDemo.csproj", "{34B66E00-FF67-4D62-9B96-974EC4AF35DD}"
EndProject
Project("{FAE04EC0-301F-11D3-BF4B-00C04F79EFBC}") = "2. 两数相加", "2. 两数相加\2. 两数相加.csproj", "{1F64063D-8FB5-43A6-894F-9A64C5C23382}"
EndProject
Project("{FAE04EC0-301F-11D3-BF4B-00C04F79EFBC}") = "20. 有效的括号", "20. 有效的括号\20. 有效的括号.csproj", "{46BD8666-CD00-428E-818C-E3BD5F6E3DDB}"
EndProject
Project("{FAE04EC0-301F-11D3-BF4B-00C04F79EFBC}") = "35. 搜索插入位置", "35. 搜索插入位置\35. 搜索插入位置.csproj", "{05B24B4B-CA73-4787-AC31-5B8CC70A9E9B}"
EndProject
Project("{FAE04EC0-301F-11D3-BF4B-00C04F79EFBC}") = "34. 在排序数组中查找元素的第一个和最后一个位置", "34. 在排序数组中查找元素的第一个和最后一个位置\34. 在排序数组中查找元素的第一个和最后一个位置.csproj", "{9DEB26B1-563E-4C75-BD15-01020766DD57}"
EndProject
Project("{FAE04EC0-301F-11D3-BF4B-00C04F79EFBC}") = "704. 二分查找", "704. 二分查找\704. 二分查找.csproj", "{3413B203-840F-49F9-904C-DADE6612D2BD}"
EndProject
Project("{FAE04EC0-301F-11D3-BF4B-00C04F79EFBC}") = "69. x 的平方根", "69. x 的平方根\69. x 的平方根.csproj", "{81B592BB-778D-4063-AFBF-4AE50DEA08D3}"
EndProject
Project("{FAE04EC0-301F-11D3-BF4B-00C04F79EFBC}") = "367. 有效的完全平方数", "367. 有效的完全平方数\367. 有效的完全平方数.csproj", "{5076094D-972C-4F6F-A80A-2D30D6327662}"
EndProject
Project("{FAE04EC0-301F-11D3-BF4B-00C04F79EFBC}") = "27. 移除元素", "27. 移除元素\27. 移除元素.csproj", "{D454C8D8-EC1B-4F27-9FBB-5D45E4FC3C64}"
EndProject
Project("{FAE04EC0-301F-11D3-BF4B-00C04F79EFBC}") = "26. 删除有序数组中的重复项", "26. 删除有序数组中的重复项\26. 删除有序数组中的重复项.csproj", "{191E121D-4878-4428-80CE-819CAAD61918}"
EndProject
Global
	GlobalSection(SolutionConfigurationPlatforms) = preSolution
		Debug|Any CPU = Debug|Any CPU
		Release|Any CPU = Release|Any CPU
	EndGlobalSection
	GlobalSection(ProjectConfigurationPlatforms) = postSolution
		{34B66E00-FF67-4D62-9B96-974EC4AF35DD}.Debug|Any CPU.ActiveCfg = Debug|Any CPU
		{34B66E00-FF67-4D62-9B96-974EC4AF35DD}.Debug|Any CPU.Build.0 = Debug|Any CPU
		{34B66E00-FF67-4D62-9B96-974EC4AF35DD}.Release|Any CPU.ActiveCfg = Release|Any CPU
		{34B66E00-FF67-4D62-9B96-974EC4AF35DD}.Release|Any CPU.Build.0 = Release|Any CPU
		{1F64063D-8FB5-43A6-894F-9A64C5C23382}.Debug|Any CPU.ActiveCfg = Debug|Any CPU
		{1F64063D-8FB5-43A6-894F-9A64C5C23382}.Debug|Any CPU.Build.0 = Debug|Any CPU
		{1F64063D-8FB5-43A6-894F-9A64C5C23382}.Release|Any CPU.ActiveCfg = Release|Any CPU
		{1F64063D-8FB5-43A6-894F-9A64C5C23382}.Release|Any CPU.Build.0 = Release|Any CPU
		{46BD8666-CD00-428E-818C-E3BD5F6E3DDB}.Debug|Any CPU.ActiveCfg = Debug|Any CPU
		{46BD8666-CD00-428E-818C-E3BD5F6E3DDB}.Debug|Any CPU.Build.0 = Debug|Any CPU
		{46BD8666-CD00-428E-818C-E3BD5F6E3DDB}.Release|Any CPU.ActiveCfg = Release|Any CPU
		{46BD8666-CD00-428E-818C-E3BD5F6E3DDB}.Release|Any CPU.Build.0 = Release|Any CPU
		{05B24B4B-CA73-4787-AC31-5B8CC70A9E9B}.Debug|Any CPU.ActiveCfg = Debug|Any CPU
		{05B24B4B-CA73-4787-AC31-5B8CC70A9E9B}.Debug|Any CPU.Build.0 = Debug|Any CPU
		{05B24B4B-CA73-4787-AC31-5B8CC70A9E9B}.Release|Any CPU.ActiveCfg = Release|Any CPU
		{05B24B4B-CA73-4787-AC31-5B8CC70A9E9B}.Release|Any CPU.Build.0 = Release|Any CPU
		{9DEB26B1-563E-4C75-BD15-01020766DD57}.Debug|Any CPU.ActiveCfg = Debug|Any CPU
		{9DEB26B1-563E-4C75-BD15-01020766DD57}.Debug|Any CPU.Build.0 = Debug|Any CPU
		{9DEB26B1-563E-4C75-BD15-01020766DD57}.Release|Any CPU.ActiveCfg = Release|Any CPU
		{9DEB26B1-563E-4C75-BD15-01020766DD57}.Release|Any CPU.Build.0 = Release|Any CPU
		{3413B203-840F-49F9-904C-DADE6612D2BD}.Debug|Any CPU.ActiveCfg = Debug|Any CPU
		{3413B203-840F-49F9-904C-DADE6612D2BD}.Debug|Any CPU.Build.0 = Debug|Any CPU
		{3413B203-840F-49F9-904C-DADE6612D2BD}.Release|Any CPU.ActiveCfg = Release|Any CPU
		{3413B203-840F-49F9-904C-DADE6612D2BD}.Release|Any CPU.Build.0 = Release|Any CPU
		{81B592BB-778D-4063-AFBF-4AE50DEA08D3}.Debug|Any CPU.ActiveCfg = Debug|Any CPU
		{81B592BB-778D-4063-AFBF-4AE50DEA08D3}.Debug|Any CPU.Build.0 = Debug|Any CPU
		{81B592BB-778D-4063-AFBF-4AE50DEA08D3}.Release|Any CPU.ActiveCfg = Release|Any CPU
		{81B592BB-778D-4063-AFBF-4AE50DEA08D3}.Release|Any CPU.Build.0 = Release|Any CPU
		{5076094D-972C-4F6F-A80A-2D30D6327662}.Debug|Any CPU.ActiveCfg = Debug|Any CPU
		{5076094D-972C-4F6F-A80A-2D30D6327662}.Debug|Any CPU.Build.0 = Debug|Any CPU
		{5076094D-972C-4F6F-A80A-2D30D6327662}.Release|Any CPU.ActiveCfg = Release|Any CPU
		{5076094D-972C-4F6F-A80A-2D30D6327662}.Release|Any CPU.Build.0 = Release|Any CPU
		{D454C8D8-EC1B-4F27-9FBB-5D45E4FC3C64}.Debug|Any CPU.ActiveCfg = Debug|Any CPU
		{D454C8D8-EC1B-4F27-9FBB-5D45E4FC3C64}.Debug|Any CPU.Build.0 = Debug|Any CPU
		{D454C8D8-EC1B-4F27-9FBB-5D45E4FC3C64}.Release|Any CPU.ActiveCfg = Release|Any CPU
		{D454C8D8-EC1B-4F27-9FBB-5D45E4FC3C64}.Release|Any CPU.Build.0 = Release|Any CPU
		{191E121D-4878-4428-80CE-819CAAD61918}.Debug|Any CPU.ActiveCfg = Debug|Any CPU
		{191E121D-4878-4428-80CE-819CAAD61918}.Debug|Any CPU.Build.0 = Debug|Any CPU
		{191E121D-4878-4428-80CE-819CAAD61918}.Release|Any CPU.ActiveCfg = Release|Any CPU
		{191E121D-4878-4428-80CE-819CAAD61918}.Release|Any CPU.Build.0 = Release|Any CPU
	EndGlobalSection
	GlobalSection(SolutionProperties) = preSolution
		HideSolutionNode = FALSE
	EndGlobalSection
	GlobalSection(ExtensibilityGlobals) = postSolution
		SolutionGuid = {696E48E0-20C2-4033-89A0-12586428F9AD}
	EndGlobalSection
EndGlobal
