
Microsoft Visual Studio Solution File, Format Version 12.00
# Visual Studio Version 17
VisualStudioVersion = 17.9.34714.143
MinimumVisualStudioVersion = 10.0.40219.1
Project("{FAE04EC0-301F-11D3-BF4B-00C04F79EFBC}") = "LeetCodeDemo", "LeetCodeDemo\LeetCodeDemo.csproj", "{34B66E00-FF67-4D62-9B96-974EC4AF35DD}"
EndProject
Project("{FAE04EC0-301F-11D3-BF4B-00C04F79EFBC}") = "2. 两数相加", "2. 两数相加\2. 两数相加.csproj", "{1F64063D-8FB5-43A6-894F-9A64C5C23382}"
EndProject
Project("{FAE04EC0-301F-11D3-BF4B-00C04F79EFBC}") = "20. 有效的括号", "20. 有效的括号\20. 有效的括号.csproj", "{46BD8666-CD00-428E-818C-E3BD5F6E3DDB}"
EndProject
Project("{FAE04EC0-301F-11D3-BF4B-00C04F79EFBC}") = "35. 搜索插入位置", "35. 搜索插入位置\35. 搜索插入位置.csproj", "{05B24B4B-CA73-4787-AC31-5B8CC70A9E9B}"
EndProject
Project("{FAE04EC0-301F-11D3-BF4B-00C04F79EFBC}") = "34. 在排序数组中查找元素的第一个和最后一个位置", "34. 在排序数组中查找元素的第一个和最后一个位置\34. 在排序数组中查找元素的第一个和最后一个位置.csproj", "{9DEB26B1-563E-4C75-BD15-01020766DD57}"
EndProject
Project("{FAE04EC0-301F-11D3-BF4B-00C04F79EFBC}") = "704. 二分查找", "704. 二分查找\704. 二分查找.csproj", "{3413B203-840F-49F9-904C-DADE6612D2BD}"
EndProject
Project("{FAE04EC0-301F-11D3-BF4B-00C04F79EFBC}") = "69. x 的平方根", "69. x 的平方根\69. x 的平方根.csproj", "{81B592BB-778D-4063-AFBF-4AE50DEA08D3}"
EndProject
Project("{FAE04EC0-301F-11D3-BF4B-00C04F79EFBC}") = "367. 有效的完全平方数", "367. 有效的完全平方数\367. 有效的完全平方数.csproj", "{5076094D-972C-4F6F-A80A-2D30D6327662}"
EndProject
Project("{FAE04EC0-301F-11D3-BF4B-00C04F79EFBC}") = "27. 移除元素", "27. 移除元素\27. 移除元素.csproj", "{D454C8D8-EC1B-4F27-9FBB-5D45E4FC3C64}"
EndProject
Project("{FAE04EC0-301F-11D3-BF4B-00C04F79EFBC}") = "26. 删除有序数组中的重复项", "26. 删除有序数组中的重复项\26. 删除有序数组中的重复项.csproj", "{191E121D-4878-4428-80CE-819CAAD61918}"
EndProject
Project("{FAE04EC0-301F-11D3-BF4B-00C04F79EFBC}") = "283. 移动零", "283. 移动零\283. 移动零.csproj", "{4A16E005-0038-45DF-81B0-668D61649EEC}"
EndProject
Project("{FAE04EC0-301F-11D3-BF4B-00C04F79EFBC}") = "844. 比较含退格的字符串", "844. 比较含退格的字符串\844. 比较含退格的字符串.csproj", "{F2BBC335-34B4-4E90-9844-CF55846CDE36}"
EndProject
Project("{FAE04EC0-301F-11D3-BF4B-00C04F79EFBC}") = "977. 有序数组的平方", "977. 有序数组的平方\977. 有序数组的平方.csproj", "{26DA0E66-A713-4A61-B9A9-9341A11CD219}"
EndProject
Project("{FAE04EC0-301F-11D3-BF4B-00C04F79EFBC}") = "209. 长度最小的子数组", "209. 长度最小的子数组\209. 长度最小的子数组.csproj", "{654C40D8-4553-488F-B6F8-B29064AB049E}"
EndProject
Project("{FAE04EC0-301F-11D3-BF4B-00C04F79EFBC}") = "59. 螺旋矩阵 II", "59. 螺旋矩阵 II\59. 螺旋矩阵 II.csproj", "{3D9B3BB2-7904-4A07-A8A4-FC14DB1BE615}"
EndProject
Project("{FAE04EC0-301F-11D3-BF4B-00C04F79EFBC}") = "203. 移除链表元素", "203. 移除链表元素\203. 移除链表元素.csproj", "{0CF12CD2-07CE-4EEA-9F86-87A447FA1F20}"
EndProject
Project("{FAE04EC0-301F-11D3-BF4B-00C04F79EFBC}") = "707. 设计链表", "707. 设计链表\707. 设计链表.csproj", "{CE7CED95-BE01-4DB9-A55A-43319D0EA2F2}"
EndProject
Project("{FAE04EC0-301F-11D3-BF4B-00C04F79EFBC}") = "206. 反转链表", "206. 反转链表\206. 反转链表.csproj", "{9C8C2F86-BD7B-4D51-B192-7A981250455E}"
EndProject
Project("{FAE04EC0-301F-11D3-BF4B-00C04F79EFBC}") = "24. 两两交换链表中的节点", "24. 两两交换链表中的节点\24. 两两交换链表中的节点.csproj", "{FE71E651-0573-470C-BBB3-71D84721AABB}"
EndProject
Project("{FAE04EC0-301F-11D3-BF4B-00C04F79EFBC}") = "19. 删除链表的倒数第 N 个结点", "19. 删除链表的倒数第 N 个结点\19. 删除链表的倒数第 N 个结点.csproj", "{4A1E6484-444B-4DD0-98F0-5694E9243D90}"
EndProject
Project("{FAE04EC0-301F-11D3-BF4B-00C04F79EFBC}") = "912. 排序数组", "912. 排序数组\912. 排序数组.csproj", "{E9B18FBE-7BE3-4A2D-A421-67FFC2016938}"
EndProject
Project("{FAE04EC0-301F-11D3-BF4B-00C04F79EFBC}") = "3. 无重复字符的最长子串", "3. 无重复字符的最长子串\3. 无重复字符的最长子串.csproj", "{5A82D024-A417-4BB3-B88C-DDE853DC9405}"
EndProject
Project("{FAE04EC0-301F-11D3-BF4B-00C04F79EFBC}") = "128. 最长连续序列", "128. 最长连续序列\128. 最长连续序列.csproj", "{F96784FA-F558-49C4-901C-56A44F45F2A2}"
EndProject
Global
	GlobalSection(SolutionConfigurationPlatforms) = preSolution
		Debug|Any CPU = Debug|Any CPU
		Release|Any CPU = Release|Any CPU
	EndGlobalSection
	GlobalSection(ProjectConfigurationPlatforms) = postSolution
		{34B66E00-FF67-4D62-9B96-974EC4AF35DD}.Debug|Any CPU.ActiveCfg = Debug|Any CPU
		{34B66E00-FF67-4D62-9B96-974EC4AF35DD}.Debug|Any CPU.Build.0 = Debug|Any CPU
		{34B66E00-FF67-4D62-9B96-974EC4AF35DD}.Release|Any CPU.ActiveCfg = Release|Any CPU
		{34B66E00-FF67-4D62-9B96-974EC4AF35DD}.Release|Any CPU.Build.0 = Release|Any CPU
		{1F64063D-8FB5-43A6-894F-9A64C5C23382}.Debug|Any CPU.ActiveCfg = Debug|Any CPU
		{1F64063D-8FB5-43A6-894F-9A64C5C23382}.Debug|Any CPU.Build.0 = Debug|Any CPU
		{1F64063D-8FB5-43A6-894F-9A64C5C23382}.Release|Any CPU.ActiveCfg = Release|Any CPU
		{1F64063D-8FB5-43A6-894F-9A64C5C23382}.Release|Any CPU.Build.0 = Release|Any CPU
		{46BD8666-CD00-428E-818C-E3BD5F6E3DDB}.Debug|Any CPU.ActiveCfg = Debug|Any CPU
		{46BD8666-CD00-428E-818C-E3BD5F6E3DDB}.Debug|Any CPU.Build.0 = Debug|Any CPU
		{46BD8666-CD00-428E-818C-E3BD5F6E3DDB}.Release|Any CPU.ActiveCfg = Release|Any CPU
		{46BD8666-CD00-428E-818C-E3BD5F6E3DDB}.Release|Any CPU.Build.0 = Release|Any CPU
		{05B24B4B-CA73-4787-AC31-5B8CC70A9E9B}.Debug|Any CPU.ActiveCfg = Debug|Any CPU
		{05B24B4B-CA73-4787-AC31-5B8CC70A9E9B}.Debug|Any CPU.Build.0 = Debug|Any CPU
		{05B24B4B-CA73-4787-AC31-5B8CC70A9E9B}.Release|Any CPU.ActiveCfg = Release|Any CPU
		{05B24B4B-CA73-4787-AC31-5B8CC70A9E9B}.Release|Any CPU.Build.0 = Release|Any CPU
		{9DEB26B1-563E-4C75-BD15-01020766DD57}.Debug|Any CPU.ActiveCfg = Debug|Any CPU
		{9DEB26B1-563E-4C75-BD15-01020766DD57}.Debug|Any CPU.Build.0 = Debug|Any CPU
		{9DEB26B1-563E-4C75-BD15-01020766DD57}.Release|Any CPU.ActiveCfg = Release|Any CPU
		{9DEB26B1-563E-4C75-BD15-01020766DD57}.Release|Any CPU.Build.0 = Release|Any CPU
		{3413B203-840F-49F9-904C-DADE6612D2BD}.Debug|Any CPU.ActiveCfg = Debug|Any CPU
		{3413B203-840F-49F9-904C-DADE6612D2BD}.Debug|Any CPU.Build.0 = Debug|Any CPU
		{3413B203-840F-49F9-904C-DADE6612D2BD}.Release|Any CPU.ActiveCfg = Release|Any CPU
		{3413B203-840F-49F9-904C-DADE6612D2BD}.Release|Any CPU.Build.0 = Release|Any CPU
		{81B592BB-778D-4063-AFBF-4AE50DEA08D3}.Debug|Any CPU.ActiveCfg = Debug|Any CPU
		{81B592BB-778D-4063-AFBF-4AE50DEA08D3}.Debug|Any CPU.Build.0 = Debug|Any CPU
		{81B592BB-778D-4063-AFBF-4AE50DEA08D3}.Release|Any CPU.ActiveCfg = Release|Any CPU
		{81B592BB-778D-4063-AFBF-4AE50DEA08D3}.Release|Any CPU.Build.0 = Release|Any CPU
		{5076094D-972C-4F6F-A80A-2D30D6327662}.Debug|Any CPU.ActiveCfg = Debug|Any CPU
		{5076094D-972C-4F6F-A80A-2D30D6327662}.Debug|Any CPU.Build.0 = Debug|Any CPU
		{5076094D-972C-4F6F-A80A-2D30D6327662}.Release|Any CPU.ActiveCfg = Release|Any CPU
		{5076094D-972C-4F6F-A80A-2D30D6327662}.Release|Any CPU.Build.0 = Release|Any CPU
		{D454C8D8-EC1B-4F27-9FBB-5D45E4FC3C64}.Debug|Any CPU.ActiveCfg = Debug|Any CPU
		{D454C8D8-EC1B-4F27-9FBB-5D45E4FC3C64}.Debug|Any CPU.Build.0 = Debug|Any CPU
		{D454C8D8-EC1B-4F27-9FBB-5D45E4FC3C64}.Release|Any CPU.ActiveCfg = Release|Any CPU
		{D454C8D8-EC1B-4F27-9FBB-5D45E4FC3C64}.Release|Any CPU.Build.0 = Release|Any CPU
		{191E121D-4878-4428-80CE-819CAAD61918}.Debug|Any CPU.ActiveCfg = Debug|Any CPU
		{191E121D-4878-4428-80CE-819CAAD61918}.Debug|Any CPU.Build.0 = Debug|Any CPU
		{191E121D-4878-4428-80CE-819CAAD61918}.Release|Any CPU.ActiveCfg = Release|Any CPU
		{191E121D-4878-4428-80CE-819CAAD61918}.Release|Any CPU.Build.0 = Release|Any CPU
		{4A16E005-0038-45DF-81B0-668D61649EEC}.Debug|Any CPU.ActiveCfg = Debug|Any CPU
		{4A16E005-0038-45DF-81B0-668D61649EEC}.Debug|Any CPU.Build.0 = Debug|Any CPU
		{4A16E005-0038-45DF-81B0-668D61649EEC}.Release|Any CPU.ActiveCfg = Release|Any CPU
		{4A16E005-0038-45DF-81B0-668D61649EEC}.Release|Any CPU.Build.0 = Release|Any CPU
		{F2BBC335-34B4-4E90-9844-CF55846CDE36}.Debug|Any CPU.ActiveCfg = Debug|Any CPU
		{F2BBC335-34B4-4E90-9844-CF55846CDE36}.Debug|Any CPU.Build.0 = Debug|Any CPU
		{F2BBC335-34B4-4E90-9844-CF55846CDE36}.Release|Any CPU.ActiveCfg = Release|Any CPU
		{F2BBC335-34B4-4E90-9844-CF55846CDE36}.Release|Any CPU.Build.0 = Release|Any CPU
		{26DA0E66-A713-4A61-B9A9-9341A11CD219}.Debug|Any CPU.ActiveCfg = Debug|Any CPU
		{26DA0E66-A713-4A61-B9A9-9341A11CD219}.Debug|Any CPU.Build.0 = Debug|Any CPU
		{26DA0E66-A713-4A61-B9A9-9341A11CD219}.Release|Any CPU.ActiveCfg = Release|Any CPU
		{26DA0E66-A713-4A61-B9A9-9341A11CD219}.Release|Any CPU.Build.0 = Release|Any CPU
		{654C40D8-4553-488F-B6F8-B29064AB049E}.Debug|Any CPU.ActiveCfg = Debug|Any CPU
		{654C40D8-4553-488F-B6F8-B29064AB049E}.Debug|Any CPU.Build.0 = Debug|Any CPU
		{654C40D8-4553-488F-B6F8-B29064AB049E}.Release|Any CPU.ActiveCfg = Release|Any CPU
		{654C40D8-4553-488F-B6F8-B29064AB049E}.Release|Any CPU.Build.0 = Release|Any CPU
		{3D9B3BB2-7904-4A07-A8A4-FC14DB1BE615}.Debug|Any CPU.ActiveCfg = Debug|Any CPU
		{3D9B3BB2-7904-4A07-A8A4-FC14DB1BE615}.Debug|Any CPU.Build.0 = Debug|Any CPU
		{3D9B3BB2-7904-4A07-A8A4-FC14DB1BE615}.Release|Any CPU.ActiveCfg = Release|Any CPU
		{3D9B3BB2-7904-4A07-A8A4-FC14DB1BE615}.Release|Any CPU.Build.0 = Release|Any CPU
		{0CF12CD2-07CE-4EEA-9F86-87A447FA1F20}.Debug|Any CPU.ActiveCfg = Debug|Any CPU
		{0CF12CD2-07CE-4EEA-9F86-87A447FA1F20}.Debug|Any CPU.Build.0 = Debug|Any CPU
		{0CF12CD2-07CE-4EEA-9F86-87A447FA1F20}.Release|Any CPU.ActiveCfg = Release|Any CPU
		{0CF12CD2-07CE-4EEA-9F86-87A447FA1F20}.Release|Any CPU.Build.0 = Release|Any CPU
		{CE7CED95-BE01-4DB9-A55A-43319D0EA2F2}.Debug|Any CPU.ActiveCfg = Debug|Any CPU
		{CE7CED95-BE01-4DB9-A55A-43319D0EA2F2}.Debug|Any CPU.Build.0 = Debug|Any CPU
		{CE7CED95-BE01-4DB9-A55A-43319D0EA2F2}.Release|Any CPU.ActiveCfg = Release|Any CPU
		{CE7CED95-BE01-4DB9-A55A-43319D0EA2F2}.Release|Any CPU.Build.0 = Release|Any CPU
		{9C8C2F86-BD7B-4D51-B192-7A981250455E}.Debug|Any CPU.ActiveCfg = Debug|Any CPU
		{9C8C2F86-BD7B-4D51-B192-7A981250455E}.Debug|Any CPU.Build.0 = Debug|Any CPU
		{9C8C2F86-BD7B-4D51-B192-7A981250455E}.Release|Any CPU.ActiveCfg = Release|Any CPU
		{9C8C2F86-BD7B-4D51-B192-7A981250455E}.Release|Any CPU.Build.0 = Release|Any CPU
		{FE71E651-0573-470C-BBB3-71D84721AABB}.Debug|Any CPU.ActiveCfg = Debug|Any CPU
		{FE71E651-0573-470C-BBB3-71D84721AABB}.Debug|Any CPU.Build.0 = Debug|Any CPU
		{FE71E651-0573-470C-BBB3-71D84721AABB}.Release|Any CPU.ActiveCfg = Release|Any CPU
		{FE71E651-0573-470C-BBB3-71D84721AABB}.Release|Any CPU.Build.0 = Release|Any CPU
		{4A1E6484-444B-4DD0-98F0-5694E9243D90}.Debug|Any CPU.ActiveCfg = Debug|Any CPU
		{4A1E6484-444B-4DD0-98F0-5694E9243D90}.Debug|Any CPU.Build.0 = Debug|Any CPU
		{4A1E6484-444B-4DD0-98F0-5694E9243D90}.Release|Any CPU.ActiveCfg = Release|Any CPU
		{4A1E6484-444B-4DD0-98F0-5694E9243D90}.Release|Any CPU.Build.0 = Release|Any CPU
		{E9B18FBE-7BE3-4A2D-A421-67FFC2016938}.Debug|Any CPU.ActiveCfg = Debug|Any CPU
		{E9B18FBE-7BE3-4A2D-A421-67FFC2016938}.Debug|Any CPU.Build.0 = Debug|Any CPU
		{E9B18FBE-7BE3-4A2D-A421-67FFC2016938}.Release|Any CPU.ActiveCfg = Release|Any CPU
		{E9B18FBE-7BE3-4A2D-A421-67FFC2016938}.Release|Any CPU.Build.0 = Release|Any CPU
		{5A82D024-A417-4BB3-B88C-DDE853DC9405}.Debug|Any CPU.ActiveCfg = Debug|Any CPU
		{5A82D024-A417-4BB3-B88C-DDE853DC9405}.Debug|Any CPU.Build.0 = Debug|Any CPU
		{5A82D024-A417-4BB3-B88C-DDE853DC9405}.Release|Any CPU.ActiveCfg = Release|Any CPU
		{5A82D024-A417-4BB3-B88C-DDE853DC9405}.Release|Any CPU.Build.0 = Release|Any CPU
		{F96784FA-F558-49C4-901C-56A44F45F2A2}.Debug|Any CPU.ActiveCfg = Debug|Any CPU
		{F96784FA-F558-49C4-901C-56A44F45F2A2}.Debug|Any CPU.Build.0 = Debug|Any CPU
		{F96784FA-F558-49C4-901C-56A44F45F2A2}.Release|Any CPU.ActiveCfg = Release|Any CPU
		{F96784FA-F558-49C4-901C-56A44F45F2A2}.Release|Any CPU.Build.0 = Release|Any CPU
	EndGlobalSection
	GlobalSection(SolutionProperties) = preSolution
		HideSolutionNode = FALSE
	EndGlobalSection
	GlobalSection(ExtensibilityGlobals) = postSolution
		SolutionGuid = {696E48E0-20C2-4033-89A0-12586428F9AD}
	EndGlobalSection
EndGlobal
